
Microsoft Visual Studio Solution File, Format Version 12.00
# Visual Studio 15
VisualStudioVersion = 15.0.28307.1525
MinimumVisualStudioVersion = 10.0.40219.1
Project("{8BC9CEB8-8B4A-11D0-8D11-00A0C91BC942}") = "bubble_bobble", "bubble_bobble\bubble_bobble.vcxproj", "{F66EA757-7A3C-4F03-BDF7-E9BBFA4AE29E}"
EndProject
Global
	GlobalSection(SolutionConfigurationPlatforms) = preSolution
		Debug|x64 = Debug|x64
		Debug|x86 = Debug|x86
		Release|x64 = Release|x64
		Release|x86 = Release|x86
	EndGlobalSection
	GlobalSection(ProjectConfigurationPlatforms) = postSolution
		{F66EA757-7A3C-4F03-BDF7-E9BBFA4AE29E}.Debug|x64.ActiveCfg = Debug|x64
		{F66EA757-7A3C-4F03-BDF7-E9BBFA4AE29E}.Debug|x64.Build.0 = Debug|x64
		{F66EA757-7A3C-4F03-BDF7-E9BBFA4AE29E}.Debug|x86.ActiveCfg = Debug|Win32
		{F66EA757-7A3C-4F03-BDF7-E9BBFA4AE29E}.Debug|x86.Build.0 = Debug|Win32
		{F66EA757-7A3C-4F03-BDF7-E9BBFA4AE29E}.Release|x64.ActiveCfg = Release|x64
		{F66EA757-7A3C-4F03-BDF7-E9BBFA4AE29E}.Release|x64.Build.0 = Release|x64
		{F66EA757-7A3C-4F03-BDF7-E9BBFA4AE29E}.Release|x86.ActiveCfg = Release|Win32
		{F66EA757-7A3C-4F03-BDF7-E9BBFA4AE29E}.Release|x86.Build.0 = Release|Win32
	EndGlobalSection
	GlobalSection(SolutionProperties) = preSolution
		HideSolutionNode = FALSE
	EndGlobalSection
	GlobalSection(ExtensibilityGlobals) = postSolution
		SolutionGuid = {47205788-60A3-4DC5-994D-C687413F5C53}
	EndGlobalSection
EndGlobal
