
Microsoft Visual Studio Solution File, Format Version 12.00
# Visual Studio 15
VisualStudioVersion = 15.0.28307.1525
MinimumVisualStudioVersion = 10.0.40219.1
Project("{8BC9CEB8-8B4A-11D0-8D11-00A0C91BC942}") = "api_circle_around_test", "api_circle_around_test\api_circle_around_test.vcxproj", "{5C076315-0E45-4938-997E-608B3B6C9BFC}"
EndProject
Global
	GlobalSection(SolutionConfigurationPlatforms) = preSolution
		Debug|x64 = Debug|x64
		Debug|x86 = Debug|x86
		Release|x64 = Release|x64
		Release|x86 = Release|x86
	EndGlobalSection
	GlobalSection(ProjectConfigurationPlatforms) = postSolution
		{5C076315-0E45-4938-997E-608B3B6C9BFC}.Debug|x64.ActiveCfg = Debug|x64
		{5C076315-0E45-4938-997E-608B3B6C9BFC}.Debug|x64.Build.0 = Debug|x64
		{5C076315-0E45-4938-997E-608B3B6C9BFC}.Debug|x86.ActiveCfg = Debug|Win32
		{5C076315-0E45-4938-997E-608B3B6C9BFC}.Debug|x86.Build.0 = Debug|Win32
		{5C076315-0E45-4938-997E-608B3B6C9BFC}.Release|x64.ActiveCfg = Release|x64
		{5C076315-0E45-4938-997E-608B3B6C9BFC}.Release|x64.Build.0 = Release|x64
		{5C076315-0E45-4938-997E-608B3B6C9BFC}.Release|x86.ActiveCfg = Release|Win32
		{5C076315-0E45-4938-997E-608B3B6C9BFC}.Release|x86.Build.0 = Release|Win32
	EndGlobalSection
	GlobalSection(SolutionProperties) = preSolution
		HideSolutionNode = FALSE
	EndGlobalSection
	GlobalSection(ExtensibilityGlobals) = postSolution
		SolutionGuid = {209A657F-1C16-48F3-9C8A-5A8F6B93F829}
	EndGlobalSection
EndGlobal
